
Microsoft Visual Studio Solution File, Format Version 12.00
# Visual Studio Version 16
VisualStudioVersion = 16.0.29509.3
MinimumVisualStudioVersion = 10.0.40219.1
Project("{FAE04EC0-301F-11D3-BF4B-00C04F79EFBC}") = "NextWorkshop", "NextWorkshop\NextWorkshop.csproj", "{730E53EA-1A27-402B-AF4A-CB99C53A3057}"
EndProject
Global
	GlobalSection(SolutionConfigurationPlatforms) = preSolution
		Debug|Any CPU = Debug|Any CPU
		Release|Any CPU = Release|Any CPU
	EndGlobalSection
	GlobalSection(ProjectConfigurationPlatforms) = postSolution
		{730E53EA-1A27-402B-AF4A-CB99C53A3057}.Debug|Any CPU.ActiveCfg = Debug|Any CPU
		{730E53EA-1A27-402B-AF4A-CB99C53A3057}.Debug|Any CPU.Build.0 = Debug|Any CPU
		{730E53EA-1A27-402B-AF4A-CB99C53A3057}.Release|Any CPU.ActiveCfg = Release|Any CPU
		{730E53EA-1A27-402B-AF4A-CB99C53A3057}.Release|Any CPU.Build.0 = Release|Any CPU
	EndGlobalSection
	GlobalSection(SolutionProperties) = preSolution
		HideSolutionNode = FALSE
	EndGlobalSection
	GlobalSection(ExtensibilityGlobals) = postSolution
		SolutionGuid = {52977590-9557-4DD0-883C-6D8BC34C9988}
	EndGlobalSection
EndGlobal
